
Microsoft Visual Studio Solution File, Format Version 12.00
# Visual Studio Version 16
VisualStudioVersion = 16.0.31729.503
MinimumVisualStudioVersion = 10.0.40219.1
Project("{FAE04EC0-301F-11D3-BF4B-00C04F79EFBC}") = "TestCrud", "TestCrud.csproj", "{4A05E61C-B0FA-44E8-A60B-791ACE7A7ACD}"
EndProject
Global
	GlobalSection(SolutionConfigurationPlatforms) = preSolution
		Debug|Any CPU = Debug|Any CPU
		Release|Any CPU = Release|Any CPU
	EndGlobalSection
	GlobalSection(ProjectConfigurationPlatforms) = postSolution
		{4A05E61C-B0FA-44E8-A60B-791ACE7A7ACD}.Debug|Any CPU.ActiveCfg = Debug|Any CPU
		{4A05E61C-B0FA-44E8-A60B-791ACE7A7ACD}.Debug|Any CPU.Build.0 = Debug|Any CPU
		{4A05E61C-B0FA-44E8-A60B-791ACE7A7ACD}.Release|Any CPU.ActiveCfg = Release|Any CPU
		{4A05E61C-B0FA-44E8-A60B-791ACE7A7ACD}.Release|Any CPU.Build.0 = Release|Any CPU
	EndGlobalSection
	GlobalSection(SolutionProperties) = preSolution
		HideSolutionNode = FALSE
	EndGlobalSection
	GlobalSection(ExtensibilityGlobals) = postSolution
		SolutionGuid = {84DF5C1F-A12D-461E-B98A-9F582AB071AC}
	EndGlobalSection
EndGlobal
